
Microsoft Visual Studio Solution File, Format Version 12.00
# Visual Studio 15
VisualStudioVersion = 15.0.28307.852
MinimumVisualStudioVersion = 10.0.40219.1
Project("{8BC9CEB8-8B4A-11D0-8D11-00A0C91BC942}") = "正规式转NFA", "正规式转NFA\正规式转NFA.vcxproj", "{0B19E7F5-0849-4E0F-AC09-0CED448547E5}"
EndProject
Global
	GlobalSection(SolutionConfigurationPlatforms) = preSolution
		Debug|x64 = Debug|x64
		Debug|x86 = Debug|x86
		Release|x64 = Release|x64
		Release|x86 = Release|x86
	EndGlobalSection
	GlobalSection(ProjectConfigurationPlatforms) = postSolution
		{0B19E7F5-0849-4E0F-AC09-0CED448547E5}.Debug|x64.ActiveCfg = Debug|x64
		{0B19E7F5-0849-4E0F-AC09-0CED448547E5}.Debug|x64.Build.0 = Debug|x64
		{0B19E7F5-0849-4E0F-AC09-0CED448547E5}.Debug|x86.ActiveCfg = Debug|Win32
		{0B19E7F5-0849-4E0F-AC09-0CED448547E5}.Debug|x86.Build.0 = Debug|Win32
		{0B19E7F5-0849-4E0F-AC09-0CED448547E5}.Release|x64.ActiveCfg = Release|x64
		{0B19E7F5-0849-4E0F-AC09-0CED448547E5}.Release|x64.Build.0 = Release|x64
		{0B19E7F5-0849-4E0F-AC09-0CED448547E5}.Release|x86.ActiveCfg = Release|Win32
		{0B19E7F5-0849-4E0F-AC09-0CED448547E5}.Release|x86.Build.0 = Release|Win32
	EndGlobalSection
	GlobalSection(SolutionProperties) = preSolution
		HideSolutionNode = FALSE
	EndGlobalSection
	GlobalSection(ExtensibilityGlobals) = postSolution
		SolutionGuid = {53A72EC5-0692-4378-9A19-0EA15EC9687E}
	EndGlobalSection
EndGlobal
